
Microsoft Visual Studio Solution File, Format Version 12.00
# Visual Studio Version 17
VisualStudioVersion = 17.5.33516.290
MinimumVisualStudioVersion = 10.0.40219.1
Project("{FAE04EC0-301F-11D3-BF4B-00C04F79EFBC}") = "EventService", "EventService\EventService.csproj", "{56BC23FC-8E21-4295-A3F1-AF3473A0C02C}"
EndProject
Project("{FAE04EC0-301F-11D3-BF4B-00C04F79EFBC}") = "EventService.Identity", "EventService.Identity\EventService.Identity.csproj", "{5B2F5B38-A63C-432D-A1B0-E6DD837A255E}"
EndProject
Global
	GlobalSection(SolutionConfigurationPlatforms) = preSolution
		Debug|Any CPU = Debug|Any CPU
		Release|Any CPU = Release|Any CPU
	EndGlobalSection
	GlobalSection(ProjectConfigurationPlatforms) = postSolution
		{56BC23FC-8E21-4295-A3F1-AF3473A0C02C}.Debug|Any CPU.ActiveCfg = Debug|Any CPU
		{56BC23FC-8E21-4295-A3F1-AF3473A0C02C}.Debug|Any CPU.Build.0 = Debug|Any CPU
		{56BC23FC-8E21-4295-A3F1-AF3473A0C02C}.Release|Any CPU.ActiveCfg = Release|Any CPU
		{56BC23FC-8E21-4295-A3F1-AF3473A0C02C}.Release|Any CPU.Build.0 = Release|Any CPU
		{5B2F5B38-A63C-432D-A1B0-E6DD837A255E}.Debug|Any CPU.ActiveCfg = Debug|Any CPU
		{5B2F5B38-A63C-432D-A1B0-E6DD837A255E}.Debug|Any CPU.Build.0 = Debug|Any CPU
		{5B2F5B38-A63C-432D-A1B0-E6DD837A255E}.Release|Any CPU.ActiveCfg = Release|Any CPU
		{5B2F5B38-A63C-432D-A1B0-E6DD837A255E}.Release|Any CPU.Build.0 = Release|Any CPU
	EndGlobalSection
	GlobalSection(SolutionProperties) = preSolution
		HideSolutionNode = FALSE
	EndGlobalSection
	GlobalSection(ExtensibilityGlobals) = postSolution
		SolutionGuid = {0E7EFB41-C7A7-4F2A-B3B7-391E06D07A0F}
	EndGlobalSection
EndGlobal
